Microsoft Visual Studio Solution File, Format Version 12.00
# Visual Studio Version 17
VisualStudioVersion = 17.5.2.0
MinimumVisualStudioVersion = 10.0.40219.1
Project("{FAE04EC0-301F-11D3-BF4B-00C04F79EFBC}") = "itmo_oop_lab1", "itmo_oop_lab1.csproj", "{B6B750A2-1E08-D585-628A-762215265ADD}"
EndProject
Global
	GlobalSection(SolutionConfigurationPlatforms) = preSolution
		Debug|Any CPU = Debug|Any CPU
		Release|Any CPU = Release|Any CPU
	EndGlobalSection
	GlobalSection(ProjectConfigurationPlatforms) = postSolution
		{B6B750A2-1E08-D585-628A-762215265ADD}.Debug|Any CPU.ActiveCfg = Debug|Any CPU
		{B6B750A2-1E08-D585-628A-762215265ADD}.Debug|Any CPU.Build.0 = Debug|Any CPU
		{B6B750A2-1E08-D585-628A-762215265ADD}.Release|Any CPU.ActiveCfg = Release|Any CPU
		{B6B750A2-1E08-D585-628A-762215265ADD}.Release|Any CPU.Build.0 = Release|Any CPU
	EndGlobalSection
	GlobalSection(SolutionProperties) = preSolution
		HideSolutionNode = FALSE
	EndGlobalSection
	GlobalSection(ExtensibilityGlobals) = postSolution
		SolutionGuid = {3E4B7A5B-F94B-414E-B9A6-8F789BBD5515}
	EndGlobalSection
EndGlobal
